
Microsoft Visual Studio Solution File, Format Version 12.00
# Visual Studio Version 17
VisualStudioVersion = 17.4.33213.308
MinimumVisualStudioVersion = 10.0.40219.1
Project("{FAE04EC0-301F-11D3-BF4B-00C04F79EFBC}") = "ApiPeliculas", "ApiPeliculas\ApiPeliculas.csproj", "{4142C2EB-A093-40AF-B94B-8EFC13FF6390}"
EndProject
Global
	GlobalSection(SolutionConfigurationPlatforms) = preSolution
		Debug|Any CPU = Debug|Any CPU
		Release|Any CPU = Release|Any CPU
	EndGlobalSection
	GlobalSection(ProjectConfigurationPlatforms) = postSolution
		{4142C2EB-A093-40AF-B94B-8EFC13FF6390}.Debug|Any CPU.ActiveCfg = Debug|Any CPU
		{4142C2EB-A093-40AF-B94B-8EFC13FF6390}.Debug|Any CPU.Build.0 = Debug|Any CPU
		{4142C2EB-A093-40AF-B94B-8EFC13FF6390}.Release|Any CPU.ActiveCfg = Release|Any CPU
		{4142C2EB-A093-40AF-B94B-8EFC13FF6390}.Release|Any CPU.Build.0 = Release|Any CPU
	EndGlobalSection
	GlobalSection(SolutionProperties) = preSolution
		HideSolutionNode = FALSE
	EndGlobalSection
	GlobalSection(ExtensibilityGlobals) = postSolution
		SolutionGuid = {16383AD8-E381-4E92-BF64-975D1BE95390}
	EndGlobalSection
EndGlobal
